<?xml version="1.0" encoding="UTF-8" standalone="yes" ?>
<CodeBlocks_project_file>
	<FileVersion major="1" minor="6" />
	<Project>
		<Option title="kinect-relay" />
		<Option pch_mode="2" />
		<Option compiler="g_for_angstrom" />
		<Build>
			<Target title="Debug">
				<Option output="bin/Debug/kinect-relay" prefix_auto="1" extension_auto="1" />
				<Option object_output="obj/Debug/" />
				<Option type="1" />
				<Option compiler="g_for_angstrom" />
				<Compiler>
					<Add option="-Wextra" />
					<Add option="-Wall" />
					<Add option="-g" />
					<Add directory="/usr/include" />
				</Compiler>
				<ExtraCommands>
					<Add before="/usr/local/angstrom/arm/environment-setup" />
					<Mode after="always" />
				</ExtraCommands>
			</Target>
			<Target title="Release">
				<Option output="bin/Release/kinect-relay" prefix_auto="1" extension_auto="1" />
				<Option object_output="obj/Release/" />
				<Option type="1" />
				<Option compiler="g_for_angstrom" />
				<Compiler>
					<Add option="-O2" />
				</Compiler>
				<Linker>
					<Add option="-s" />
				</Linker>
			</Target>
		</Build>
		<Compiler>
			<Add option="-Wall" />
			<Add option="-fexceptions" />
		</Compiler>
		<Unit filename="Beagleboard/KinectProc.cpp" />
		<Unit filename="Beagleboard/KinectProc.h" />
		<Unit filename="Beagleboard/main.cpp" />
		<Unit filename="Shared/MagicBox.h" />
		<Unit filename="Shared/Mutex.h" />
		<Extensions>
			<code_completion>
				<search_path add="/usr/include" />
			</code_completion>
			<debugger />
		</Extensions>
	</Project>
</CodeBlocks_project_file>
